
Microsoft Visual Studio Solution File, Format Version 12.00
# Visual Studio Version 17
VisualStudioVersion = 17.14.36327.8 d17.14
MinimumVisualStudioVersion = 10.0.40219.1
Project("{FAE04EC0-301F-11D3-BF4B-00C04F79EFBC}") = "BackendIncidents", "BackendIncidents\BackendIncidents.csproj", "{0016BAEF-7EB4-48DD-A4E1-EE43377052B2}"
EndProject
Project("{FAE04EC0-301F-11D3-BF4B-00C04F79EFBC}") = "BackendIncidents.Data", "BackendIncidents.Data\BackendIncidents.Data.csproj", "{65F55480-11B1-41BB-96E2-E19610239B15}"
EndProject
Global
	GlobalSection(SolutionConfigurationPlatforms) = preSolution
		Debug|Any CPU = Debug|Any CPU
		Release|Any CPU = Release|Any CPU
	EndGlobalSection
	GlobalSection(ProjectConfigurationPlatforms) = postSolution
		{0016BAEF-7EB4-48DD-A4E1-EE43377052B2}.Debug|Any CPU.ActiveCfg = Debug|Any CPU
		{0016BAEF-7EB4-48DD-A4E1-EE43377052B2}.Debug|Any CPU.Build.0 = Debug|Any CPU
		{0016BAEF-7EB4-48DD-A4E1-EE43377052B2}.Release|Any CPU.ActiveCfg = Release|Any CPU
		{0016BAEF-7EB4-48DD-A4E1-EE43377052B2}.Release|Any CPU.Build.0 = Release|Any CPU
		{65F55480-11B1-41BB-96E2-E19610239B15}.Debug|Any CPU.ActiveCfg = Debug|Any CPU
		{65F55480-11B1-41BB-96E2-E19610239B15}.Debug|Any CPU.Build.0 = Debug|Any CPU
		{65F55480-11B1-41BB-96E2-E19610239B15}.Release|Any CPU.ActiveCfg = Release|Any CPU
		{65F55480-11B1-41BB-96E2-E19610239B15}.Release|Any CPU.Build.0 = Release|Any CPU
	EndGlobalSection
	GlobalSection(SolutionProperties) = preSolution
		HideSolutionNode = FALSE
	EndGlobalSection
	GlobalSection(ExtensibilityGlobals) = postSolution
		SolutionGuid = {4B44A2A6-2CBD-4FE7-9938-BBB1BB9F921F}
	EndGlobalSection
EndGlobal
